
Microsoft Visual Studio Solution File, Format Version 12.00
# Visual Studio Version 16
VisualStudioVersion = 16.0.29324.140
MinimumVisualStudioVersion = 10.0.40219.1
Project("{FAE04EC0-301F-11D3-BF4B-00C04F79EFBC}") = "ConfigFileTest", "ConfigFileTest\ConfigFileTest.csproj", "{CFA1448B-C37E-4DB5-8435-118CD32306E8}"
EndProject
Project("{FAE04EC0-301F-11D3-BF4B-00C04F79EFBC}") = "FactoryExample", "FactoryExample\FactoryExample.csproj", "{395F2187-52A8-4D46-9A2D-EE13A73F550C}"
EndProject
Global
	GlobalSection(SolutionConfigurationPlatforms) = preSolution
		Debug|Any CPU = Debug|Any CPU
		Release|Any CPU = Release|Any CPU
	EndGlobalSection
	GlobalSection(ProjectConfigurationPlatforms) = postSolution
		{CFA1448B-C37E-4DB5-8435-118CD32306E8}.Debug|Any CPU.ActiveCfg = Debug|Any CPU
		{CFA1448B-C37E-4DB5-8435-118CD32306E8}.Debug|Any CPU.Build.0 = Debug|Any CPU
		{CFA1448B-C37E-4DB5-8435-118CD32306E8}.Release|Any CPU.ActiveCfg = Release|Any CPU
		{CFA1448B-C37E-4DB5-8435-118CD32306E8}.Release|Any CPU.Build.0 = Release|Any CPU
		{395F2187-52A8-4D46-9A2D-EE13A73F550C}.Debug|Any CPU.ActiveCfg = Debug|Any CPU
		{395F2187-52A8-4D46-9A2D-EE13A73F550C}.Debug|Any CPU.Build.0 = Debug|Any CPU
		{395F2187-52A8-4D46-9A2D-EE13A73F550C}.Release|Any CPU.ActiveCfg = Release|Any CPU
		{395F2187-52A8-4D46-9A2D-EE13A73F550C}.Release|Any CPU.Build.0 = Release|Any CPU
	EndGlobalSection
	GlobalSection(SolutionProperties) = preSolution
		HideSolutionNode = FALSE
	EndGlobalSection
	GlobalSection(ExtensibilityGlobals) = postSolution
		SolutionGuid = {D91FEF34-35BE-4869-82EE-47053EA7C4D7}
	EndGlobalSection
EndGlobal
